
Microsoft Visual Studio Solution File, Format Version 12.00
# Visual Studio 15
VisualStudioVersion = 15.0.26127.3
MinimumVisualStudioVersion = 10.0.40219.1
Project("{FAE04EC0-301F-11D3-BF4B-00C04F79EFBC}") = "ConvertToSqlLibrary", "ConvertToSql\ConvertToSqlLibrary.csproj", "{A3D890C3-7A3A-41B9-8E68-F33207887545}"
EndProject
Project("{FAE04EC0-301F-11D3-BF4B-00C04F79EFBC}") = "ConvertToSqlTest", "ConvertToSqlTest\ConvertToSqlTest.csproj", "{594AA622-1D4D-4A9C-B6F1-285D802DE254}"
EndProject
Global
	GlobalSection(SolutionConfigurationPlatforms) = preSolution
		Debug|Any CPU = Debug|Any CPU
		Release|Any CPU = Release|Any CPU
	EndGlobalSection
	GlobalSection(ProjectConfigurationPlatforms) = postSolution
		{A3D890C3-7A3A-41B9-8E68-F33207887545}.Debug|Any CPU.ActiveCfg = Debug|Any CPU
		{A3D890C3-7A3A-41B9-8E68-F33207887545}.Debug|Any CPU.Build.0 = Debug|Any CPU
		{A3D890C3-7A3A-41B9-8E68-F33207887545}.Release|Any CPU.ActiveCfg = Release|Any CPU
		{A3D890C3-7A3A-41B9-8E68-F33207887545}.Release|Any CPU.Build.0 = Release|Any CPU
		{594AA622-1D4D-4A9C-B6F1-285D802DE254}.Debug|Any CPU.ActiveCfg = Debug|Any CPU
		{594AA622-1D4D-4A9C-B6F1-285D802DE254}.Debug|Any CPU.Build.0 = Debug|Any CPU
		{594AA622-1D4D-4A9C-B6F1-285D802DE254}.Release|Any CPU.ActiveCfg = Release|Any CPU
		{594AA622-1D4D-4A9C-B6F1-285D802DE254}.Release|Any CPU.Build.0 = Release|Any CPU
	EndGlobalSection
	GlobalSection(SolutionProperties) = preSolution
		HideSolutionNode = FALSE
	EndGlobalSection
EndGlobal
